
Microsoft Visual Studio Solution File, Format Version 12.00
# Visual Studio Version 17
VisualStudioVersion = 17.5.33424.131
MinimumVisualStudioVersion = 10.0.40219.1
Project("{9A19103F-16F7-4668-BE54-9A1E7A4F7556}") = "Server.Protobuf", "Server.Protobuf\Server.Protobuf.csproj", "{00FF2E96-BFFB-49C2-9EB5-85F759AF2AC9}"
EndProject
Project("{9A19103F-16F7-4668-BE54-9A1E7A4F7556}") = "Server.MemoryPack", "Server.MemoryPack\Server.MemoryPack.csproj", "{7F9EBEE5-E9AE-45C3-A3E1-33E151BB83A8}"
EndProject
Project("{9A19103F-16F7-4668-BE54-9A1E7A4F7556}") = "Core", "Core\Core.csproj", "{C17F7AFA-EBCA-43FE-A01A-B27A2402889F}"
EndProject
Project("{FAE04EC0-301F-11D3-BF4B-00C04F79EFBC}") = "Client", "Client\Client.csproj", "{84D444CE-FE33-409E-975D-3396C71C59E0}"
EndProject
Project("{FAE04EC0-301F-11D3-BF4B-00C04F79EFBC}") = "Server", "Server\Server.csproj", "{B8359E3A-B5A1-424F-AE3E-0E0FCF4E3F1D}"
EndProject
Project("{2150E333-8FDC-42A3-9474-1A3956D46DE8}") = "touchsocket", "touchsocket", "{B2C58EEF-DD90-4C99-9DFA-25A7F59F971D}"
EndProject
Project("{FAE04EC0-301F-11D3-BF4B-00C04F79EFBC}") = "TouchSocketRpcServer", "TouchSocketRpcServer\TouchSocketRpcServer.csproj", "{536C3886-94EC-435B-8D02-B260E61B3524}"
EndProject
Project("{FAE04EC0-301F-11D3-BF4B-00C04F79EFBC}") = "TouchSocketRpcClient", "TouchSocketRpcClient\TouchSocketRpcClient.csproj", "{32D0E7F7-CAF2-42E3-9316-4B6C9486EF77}"
EndProject
Project("{2150E333-8FDC-42A3-9474-1A3956D46DE8}") = "supersocket", "supersocket", "{38AC45B9-C885-495E-B039-25EF8A69A4B3}"
EndProject
Project("{FAE04EC0-301F-11D3-BF4B-00C04F79EFBC}") = "TouchCore", "TouchCore\TouchCore.csproj", "{3E7548BB-B59D-4B44-B4E1-BC5F318EEA97}"
EndProject
Project("{FAE04EC0-301F-11D3-BF4B-00C04F79EFBC}") = "GrpcClient", "GrpcClient\GrpcClient.csproj", "{3DC7517D-BE9A-48AB-9191-3D8147B24E53}"
EndProject
Project("{2150E333-8FDC-42A3-9474-1A3956D46DE8}") = "grpc", "grpc", "{F6ABD618-5605-4C11-B0C3-988C6F78129C}"
EndProject
Project("{FAE04EC0-301F-11D3-BF4B-00C04F79EFBC}") = "GrpcService", "GrpcService\GrpcService.csproj", "{A512FD56-DEAE-4136-8194-D287887270A6}"
EndProject
Project("{2150E333-8FDC-42A3-9474-1A3956D46DE8}") = "memoryPack", "memoryPack", "{7753D195-CCCD-48D6-A011-E73B64564A2D}"
EndProject
Project("{FAE04EC0-301F-11D3-BF4B-00C04F79EFBC}") = "SuperSocketMemoryPack", "SuperSocketMemoryPack\SuperSocketMemoryPack.csproj", "{16737C4F-79EC-4ADA-8747-864A348843E3}"
EndProject
Project("{FAE04EC0-301F-11D3-BF4B-00C04F79EFBC}") = "ClientMemoryPack", "ClientMemoryPack\ClientMemoryPack.csproj", "{D8C7AC87-55A2-4521-8BF4-1B93E17CC790}"
EndProject
Project("{FAE04EC0-301F-11D3-BF4B-00C04F79EFBC}") = "CoreMemoryPack", "CoreMemoryPack\CoreMemoryPack.csproj", "{13003E40-7530-4C23-89E9-14BEE09AC016}"
EndProject
Project("{FAE04EC0-301F-11D3-BF4B-00C04F79EFBC}") = "ConsoleAppServer", "ConsoleAppServer\ConsoleAppServer.csproj", "{4C6CE25C-5AD1-4699-B4A1-84ED247D77EA}"
EndProject
Global
	GlobalSection(SolutionConfigurationPlatforms) = preSolution
		Debug|Any CPU = Debug|Any CPU
		Release|Any CPU = Release|Any CPU
	EndGlobalSection
	GlobalSection(ProjectConfigurationPlatforms) = postSolution
		{00FF2E96-BFFB-49C2-9EB5-85F759AF2AC9}.Debug|Any CPU.ActiveCfg = Debug|Any CPU
		{00FF2E96-BFFB-49C2-9EB5-85F759AF2AC9}.Debug|Any CPU.Build.0 = Debug|Any CPU
		{00FF2E96-BFFB-49C2-9EB5-85F759AF2AC9}.Release|Any CPU.ActiveCfg = Release|Any CPU
		{00FF2E96-BFFB-49C2-9EB5-85F759AF2AC9}.Release|Any CPU.Build.0 = Release|Any CPU
		{7F9EBEE5-E9AE-45C3-A3E1-33E151BB83A8}.Debug|Any CPU.ActiveCfg = Debug|Any CPU
		{7F9EBEE5-E9AE-45C3-A3E1-33E151BB83A8}.Debug|Any CPU.Build.0 = Debug|Any CPU
		{7F9EBEE5-E9AE-45C3-A3E1-33E151BB83A8}.Release|Any CPU.ActiveCfg = Release|Any CPU
		{7F9EBEE5-E9AE-45C3-A3E1-33E151BB83A8}.Release|Any CPU.Build.0 = Release|Any CPU
		{C17F7AFA-EBCA-43FE-A01A-B27A2402889F}.Debug|Any CPU.ActiveCfg = Debug|Any CPU
		{C17F7AFA-EBCA-43FE-A01A-B27A2402889F}.Debug|Any CPU.Build.0 = Debug|Any CPU
		{C17F7AFA-EBCA-43FE-A01A-B27A2402889F}.Release|Any CPU.ActiveCfg = Release|Any CPU
		{C17F7AFA-EBCA-43FE-A01A-B27A2402889F}.Release|Any CPU.Build.0 = Release|Any CPU
		{84D444CE-FE33-409E-975D-3396C71C59E0}.Debug|Any CPU.ActiveCfg = Debug|Any CPU
		{84D444CE-FE33-409E-975D-3396C71C59E0}.Debug|Any CPU.Build.0 = Debug|Any CPU
		{84D444CE-FE33-409E-975D-3396C71C59E0}.Release|Any CPU.ActiveCfg = Release|Any CPU
		{84D444CE-FE33-409E-975D-3396C71C59E0}.Release|Any CPU.Build.0 = Release|Any CPU
		{B8359E3A-B5A1-424F-AE3E-0E0FCF4E3F1D}.Debug|Any CPU.ActiveCfg = Debug|Any CPU
		{B8359E3A-B5A1-424F-AE3E-0E0FCF4E3F1D}.Debug|Any CPU.Build.0 = Debug|Any CPU
		{B8359E3A-B5A1-424F-AE3E-0E0FCF4E3F1D}.Release|Any CPU.ActiveCfg = Release|Any CPU
		{B8359E3A-B5A1-424F-AE3E-0E0FCF4E3F1D}.Release|Any CPU.Build.0 = Release|Any CPU
		{536C3886-94EC-435B-8D02-B260E61B3524}.Debug|Any CPU.ActiveCfg = Debug|Any CPU
		{536C3886-94EC-435B-8D02-B260E61B3524}.Debug|Any CPU.Build.0 = Debug|Any CPU
		{536C3886-94EC-435B-8D02-B260E61B3524}.Release|Any CPU.ActiveCfg = Release|Any CPU
		{536C3886-94EC-435B-8D02-B260E61B3524}.Release|Any CPU.Build.0 = Release|Any CPU
		{32D0E7F7-CAF2-42E3-9316-4B6C9486EF77}.Debug|Any CPU.ActiveCfg = Debug|Any CPU
		{32D0E7F7-CAF2-42E3-9316-4B6C9486EF77}.Debug|Any CPU.Build.0 = Debug|Any CPU
		{32D0E7F7-CAF2-42E3-9316-4B6C9486EF77}.Release|Any CPU.ActiveCfg = Release|Any CPU
		{32D0E7F7-CAF2-42E3-9316-4B6C9486EF77}.Release|Any CPU.Build.0 = Release|Any CPU
		{3E7548BB-B59D-4B44-B4E1-BC5F318EEA97}.Debug|Any CPU.ActiveCfg = Debug|Any CPU
		{3E7548BB-B59D-4B44-B4E1-BC5F318EEA97}.Debug|Any CPU.Build.0 = Debug|Any CPU
		{3E7548BB-B59D-4B44-B4E1-BC5F318EEA97}.Release|Any CPU.ActiveCfg = Release|Any CPU
		{3E7548BB-B59D-4B44-B4E1-BC5F318EEA97}.Release|Any CPU.Build.0 = Release|Any CPU
		{3DC7517D-BE9A-48AB-9191-3D8147B24E53}.Debug|Any CPU.ActiveCfg = Debug|Any CPU
		{3DC7517D-BE9A-48AB-9191-3D8147B24E53}.Debug|Any CPU.Build.0 = Debug|Any CPU
		{3DC7517D-BE9A-48AB-9191-3D8147B24E53}.Release|Any CPU.ActiveCfg = Release|Any CPU
		{3DC7517D-BE9A-48AB-9191-3D8147B24E53}.Release|Any CPU.Build.0 = Release|Any CPU
		{A512FD56-DEAE-4136-8194-D287887270A6}.Debug|Any CPU.ActiveCfg = Debug|Any CPU
		{A512FD56-DEAE-4136-8194-D287887270A6}.Debug|Any CPU.Build.0 = Debug|Any CPU
		{A512FD56-DEAE-4136-8194-D287887270A6}.Release|Any CPU.ActiveCfg = Release|Any CPU
		{A512FD56-DEAE-4136-8194-D287887270A6}.Release|Any CPU.Build.0 = Release|Any CPU
		{16737C4F-79EC-4ADA-8747-864A348843E3}.Debug|Any CPU.ActiveCfg = Debug|Any CPU
		{16737C4F-79EC-4ADA-8747-864A348843E3}.Debug|Any CPU.Build.0 = Debug|Any CPU
		{16737C4F-79EC-4ADA-8747-864A348843E3}.Release|Any CPU.ActiveCfg = Release|Any CPU
		{16737C4F-79EC-4ADA-8747-864A348843E3}.Release|Any CPU.Build.0 = Release|Any CPU
		{D8C7AC87-55A2-4521-8BF4-1B93E17CC790}.Debug|Any CPU.ActiveCfg = Debug|Any CPU
		{D8C7AC87-55A2-4521-8BF4-1B93E17CC790}.Debug|Any CPU.Build.0 = Debug|Any CPU
		{D8C7AC87-55A2-4521-8BF4-1B93E17CC790}.Release|Any CPU.ActiveCfg = Release|Any CPU
		{D8C7AC87-55A2-4521-8BF4-1B93E17CC790}.Release|Any CPU.Build.0 = Release|Any CPU
		{13003E40-7530-4C23-89E9-14BEE09AC016}.Debug|Any CPU.ActiveCfg = Debug|Any CPU
		{13003E40-7530-4C23-89E9-14BEE09AC016}.Debug|Any CPU.Build.0 = Debug|Any CPU
		{13003E40-7530-4C23-89E9-14BEE09AC016}.Release|Any CPU.ActiveCfg = Release|Any CPU
		{13003E40-7530-4C23-89E9-14BEE09AC016}.Release|Any CPU.Build.0 = Release|Any CPU
		{4C6CE25C-5AD1-4699-B4A1-84ED247D77EA}.Debug|Any CPU.ActiveCfg = Debug|Any CPU
		{4C6CE25C-5AD1-4699-B4A1-84ED247D77EA}.Debug|Any CPU.Build.0 = Debug|Any CPU
		{4C6CE25C-5AD1-4699-B4A1-84ED247D77EA}.Release|Any CPU.ActiveCfg = Release|Any CPU
		{4C6CE25C-5AD1-4699-B4A1-84ED247D77EA}.Release|Any CPU.Build.0 = Release|Any CPU
	EndGlobalSection
	GlobalSection(SolutionProperties) = preSolution
		HideSolutionNode = FALSE
	EndGlobalSection
	GlobalSection(NestedProjects) = preSolution
		{00FF2E96-BFFB-49C2-9EB5-85F759AF2AC9} = {38AC45B9-C885-495E-B039-25EF8A69A4B3}
		{7F9EBEE5-E9AE-45C3-A3E1-33E151BB83A8} = {38AC45B9-C885-495E-B039-25EF8A69A4B3}
		{C17F7AFA-EBCA-43FE-A01A-B27A2402889F} = {38AC45B9-C885-495E-B039-25EF8A69A4B3}
		{84D444CE-FE33-409E-975D-3396C71C59E0} = {38AC45B9-C885-495E-B039-25EF8A69A4B3}
		{B8359E3A-B5A1-424F-AE3E-0E0FCF4E3F1D} = {38AC45B9-C885-495E-B039-25EF8A69A4B3}
		{536C3886-94EC-435B-8D02-B260E61B3524} = {B2C58EEF-DD90-4C99-9DFA-25A7F59F971D}
		{32D0E7F7-CAF2-42E3-9316-4B6C9486EF77} = {B2C58EEF-DD90-4C99-9DFA-25A7F59F971D}
		{3E7548BB-B59D-4B44-B4E1-BC5F318EEA97} = {B2C58EEF-DD90-4C99-9DFA-25A7F59F971D}
		{3DC7517D-BE9A-48AB-9191-3D8147B24E53} = {F6ABD618-5605-4C11-B0C3-988C6F78129C}
		{A512FD56-DEAE-4136-8194-D287887270A6} = {F6ABD618-5605-4C11-B0C3-988C6F78129C}
		{16737C4F-79EC-4ADA-8747-864A348843E3} = {7753D195-CCCD-48D6-A011-E73B64564A2D}
		{D8C7AC87-55A2-4521-8BF4-1B93E17CC790} = {7753D195-CCCD-48D6-A011-E73B64564A2D}
		{13003E40-7530-4C23-89E9-14BEE09AC016} = {7753D195-CCCD-48D6-A011-E73B64564A2D}
		{4C6CE25C-5AD1-4699-B4A1-84ED247D77EA} = {38AC45B9-C885-495E-B039-25EF8A69A4B3}
	EndGlobalSection
	GlobalSection(ExtensibilityGlobals) = postSolution
		SolutionGuid = {53C90ED2-6490-47F1-8861-C45C53155BE1}
	EndGlobalSection
EndGlobal
