
Microsoft Visual Studio Solution File, Format Version 12.00
# Visual Studio Version 17
VisualStudioVersion = 17.5.33424.131
MinimumVisualStudioVersion = 10.0.40219.1
Project("{9A19103F-16F7-4668-BE54-9A1E7A4F7556}") = "Server.Protobuf", "Server.Protobuf\Server.Protobuf.csproj", "{00FF2E96-BFFB-49C2-9EB5-85F759AF2AC9}"
EndProject
Project("{9A19103F-16F7-4668-BE54-9A1E7A4F7556}") = "Server.MemoryPack", "Server.MemoryPack\Server.MemoryPack.csproj", "{7F9EBEE5-E9AE-45C3-A3E1-33E151BB83A8}"
EndProject
Project("{9A19103F-16F7-4668-BE54-9A1E7A4F7556}") = "Core", "Core\Core.csproj", "{C17F7AFA-EBCA-43FE-A01A-B27A2402889F}"
EndProject
Project("{9A19103F-16F7-4668-BE54-9A1E7A4F7556}") = "Client", "Client\Client.csproj", "{84D444CE-FE33-409E-975D-3396C71C59E0}"
EndProject
Project("{9A19103F-16F7-4668-BE54-9A1E7A4F7556}") = "Server", "Server\Server.csproj", "{B8359E3A-B5A1-424F-AE3E-0E0FCF4E3F1D}"
EndProject
Project("{2150E333-8FDC-42A3-9474-1A3956D46DE8}") = "touchsocket", "touchsocket", "{B2C58EEF-DD90-4C99-9DFA-25A7F59F971D}"
EndProject
Project("{9A19103F-16F7-4668-BE54-9A1E7A4F7556}") = "TouchSocketRpcServer", "TouchSocketRpcServer\TouchSocketRpcServer.csproj", "{536C3886-94EC-435B-8D02-B260E61B3524}"
EndProject
Project("{9A19103F-16F7-4668-BE54-9A1E7A4F7556}") = "TouchSocketRpcClient", "TouchSocketRpcClient\TouchSocketRpcClient.csproj", "{32D0E7F7-CAF2-42E3-9316-4B6C9486EF77}"
EndProject
Project("{2150E333-8FDC-42A3-9474-1A3956D46DE8}") = "supersocket", "supersocket", "{38AC45B9-C885-495E-B039-25EF8A69A4B3}"
EndProject
Project("{9A19103F-16F7-4668-BE54-9A1E7A4F7556}") = "TouchCore", "TouchCore\TouchCore.csproj", "{3E7548BB-B59D-4B44-B4E1-BC5F318EEA97}"
EndProject
Project("{9A19103F-16F7-4668-BE54-9A1E7A4F7556}") = "GrpcClient", "GrpcClient\GrpcClient.csproj", "{3DC7517D-BE9A-48AB-9191-3D8147B24E53}"
EndProject
Project("{2150E333-8FDC-42A3-9474-1A3956D46DE8}") = "grpc", "grpc", "{F6ABD618-5605-4C11-B0C3-988C6F78129C}"
EndProject
Project("{9A19103F-16F7-4668-BE54-9A1E7A4F7556}") = "GrpcService", "GrpcService\GrpcService.csproj", "{A512FD56-DEAE-4136-8194-D287887270A6}"
EndProject
Project("{2150E333-8FDC-42A3-9474-1A3956D46DE8}") = "memoryPack", "memoryPack", "{7753D195-CCCD-48D6-A011-E73B64564A2D}"
EndProject
Project("{9A19103F-16F7-4668-BE54-9A1E7A4F7556}") = "SuperSocketMemoryPack", "SuperSocketMemoryPack\SuperSocketMemoryPack.csproj", "{16737C4F-79EC-4ADA-8747-864A348843E3}"
EndProject
Project("{9A19103F-16F7-4668-BE54-9A1E7A4F7556}") = "ClientMemoryPack", "ClientMemoryPack\ClientMemoryPack.csproj", "{D8C7AC87-55A2-4521-8BF4-1B93E17CC790}"
EndProject
Project("{9A19103F-16F7-4668-BE54-9A1E7A4F7556}") = "CoreMemoryPack", "CoreMemoryPack\CoreMemoryPack.csproj", "{13003E40-7530-4C23-89E9-14BEE09AC016}"
EndProject
Project("{9A19103F-16F7-4668-BE54-9A1E7A4F7556}") = "ConsoleAppServer", "ConsoleAppServer\ConsoleAppServer.csproj", "{4C6CE25C-5AD1-4699-B4A1-84ED247D77EA}"
EndProject
Project("{2150E333-8FDC-42A3-9474-1A3956D46DE8}") = "protobuf", "protobuf", "{D325D3B1-8BFE-4CE7-AF3F-20E2702BE558}"
EndProject
Project("{9A19103F-16F7-4668-BE54-9A1E7A4F7556}") = "SuperSocket.Console.App.Server", "SuperSocket.Console.App.Server\SuperSocket.Console.App.Server.csproj", "{5FD5D69C-C704-4FD9-B370-3165C808D77B}"
EndProject
Project("{9A19103F-16F7-4668-BE54-9A1E7A4F7556}") = "SuperSocket.Console.App.Client", "SuperSocket.Console.App.Client\SuperSocket.Console.App.Client.csproj", "{1D58AC84-7845-489E-9899-585E91A4F1D7}"
EndProject
Project("{9A19103F-16F7-4668-BE54-9A1E7A4F7556}") = "SuperSocket.App.Core", "SuperSocket.App.Core\SuperSocket.App.Core.csproj", "{4D9CA3CD-103B-4E88-914A-FC6BC873029B}"
EndProject
Project("{2150E333-8FDC-42A3-9474-1A3956D46DE8}") = "coustom", "coustom", "{75B96906-32A9-4018-B97E-41FEA24D6989}"
EndProject
Project("{FAE04EC0-301F-11D3-BF4B-00C04F79EFBC}") = "SuperSocketPipeCore", "SuperSocketPipeCore\SuperSocketPipeCore.csproj", "{FC1001E3-3191-4ECA-A34C-95C9B4A88E6C}"
EndProject
Project("{FAE04EC0-301F-11D3-BF4B-00C04F79EFBC}") = "SuperSocketPipeClient", "SuperSocketPipeClient\SuperSocketPipeClient.csproj", "{C52A684A-2F99-4961-9BBA-68158A2CE3F9}"
EndProject
Project("{FAE04EC0-301F-11D3-BF4B-00C04F79EFBC}") = "SuperSocketPipeServer", "SuperSocketPipeServer\SuperSocketPipeServer.csproj", "{BE14ED95-3EE0-40C9-9A7D-7E0952C67BB3}"
EndProject
Project("{2150E333-8FDC-42A3-9474-1A3956D46DE8}") = "protobufnet", "protobufnet", "{31995792-F320-4BE4-AE1F-36A36FF48CF7}"
EndProject
Project("{FAE04EC0-301F-11D3-BF4B-00C04F79EFBC}") = "SuperSocketProtobufNet.Client", "SuperSocketProtobufNet.Client\SuperSocketProtobufNet.Client.csproj", "{7AD43FD0-4D00-4C82-B851-859A95B5FA69}"
EndProject
Project("{FAE04EC0-301F-11D3-BF4B-00C04F79EFBC}") = "SuperSocketProtobufNet.Server", "SuperSocketProtobufNet.Server\SuperSocketProtobufNet.Server.csproj", "{88A46521-4350-450D-AC41-EC7DD1D33BE4}"
EndProject
Project("{FAE04EC0-301F-11D3-BF4B-00C04F79EFBC}") = "SuperSocketProtobufNet.Core", "SuperSocketProtobufNet.Core\SuperSocketProtobufNet.Core.csproj", "{C674A1A1-3306-4D96-B7E1-455C6C55E40A}"
EndProject
Global
	GlobalSection(SolutionConfigurationPlatforms) = preSolution
		Debug|Any CPU = Debug|Any CPU
		Release|Any CPU = Release|Any CPU
	EndGlobalSection
	GlobalSection(ProjectConfigurationPlatforms) = postSolution
		{00FF2E96-BFFB-49C2-9EB5-85F759AF2AC9}.Debug|Any CPU.ActiveCfg = Debug|Any CPU
		{00FF2E96-BFFB-49C2-9EB5-85F759AF2AC9}.Debug|Any CPU.Build.0 = Debug|Any CPU
		{00FF2E96-BFFB-49C2-9EB5-85F759AF2AC9}.Release|Any CPU.ActiveCfg = Release|Any CPU
		{00FF2E96-BFFB-49C2-9EB5-85F759AF2AC9}.Release|Any CPU.Build.0 = Release|Any CPU
		{7F9EBEE5-E9AE-45C3-A3E1-33E151BB83A8}.Debug|Any CPU.ActiveCfg = Debug|Any CPU
		{7F9EBEE5-E9AE-45C3-A3E1-33E151BB83A8}.Debug|Any CPU.Build.0 = Debug|Any CPU
		{7F9EBEE5-E9AE-45C3-A3E1-33E151BB83A8}.Release|Any CPU.ActiveCfg = Release|Any CPU
		{7F9EBEE5-E9AE-45C3-A3E1-33E151BB83A8}.Release|Any CPU.Build.0 = Release|Any CPU
		{C17F7AFA-EBCA-43FE-A01A-B27A2402889F}.Debug|Any CPU.ActiveCfg = Debug|Any CPU
		{C17F7AFA-EBCA-43FE-A01A-B27A2402889F}.Debug|Any CPU.Build.0 = Debug|Any CPU
		{C17F7AFA-EBCA-43FE-A01A-B27A2402889F}.Release|Any CPU.ActiveCfg = Release|Any CPU
		{C17F7AFA-EBCA-43FE-A01A-B27A2402889F}.Release|Any CPU.Build.0 = Release|Any CPU
		{84D444CE-FE33-409E-975D-3396C71C59E0}.Debug|Any CPU.ActiveCfg = Debug|Any CPU
		{84D444CE-FE33-409E-975D-3396C71C59E0}.Debug|Any CPU.Build.0 = Debug|Any CPU
		{84D444CE-FE33-409E-975D-3396C71C59E0}.Release|Any CPU.ActiveCfg = Release|Any CPU
		{84D444CE-FE33-409E-975D-3396C71C59E0}.Release|Any CPU.Build.0 = Release|Any CPU
		{B8359E3A-B5A1-424F-AE3E-0E0FCF4E3F1D}.Debug|Any CPU.ActiveCfg = Debug|Any CPU
		{B8359E3A-B5A1-424F-AE3E-0E0FCF4E3F1D}.Debug|Any CPU.Build.0 = Debug|Any CPU
		{B8359E3A-B5A1-424F-AE3E-0E0FCF4E3F1D}.Release|Any CPU.ActiveCfg = Release|Any CPU
		{B8359E3A-B5A1-424F-AE3E-0E0FCF4E3F1D}.Release|Any CPU.Build.0 = Release|Any CPU
		{536C3886-94EC-435B-8D02-B260E61B3524}.Debug|Any CPU.ActiveCfg = Debug|Any CPU
		{536C3886-94EC-435B-8D02-B260E61B3524}.Debug|Any CPU.Build.0 = Debug|Any CPU
		{536C3886-94EC-435B-8D02-B260E61B3524}.Release|Any CPU.ActiveCfg = Release|Any CPU
		{536C3886-94EC-435B-8D02-B260E61B3524}.Release|Any CPU.Build.0 = Release|Any CPU
		{32D0E7F7-CAF2-42E3-9316-4B6C9486EF77}.Debug|Any CPU.ActiveCfg = Debug|Any CPU
		{32D0E7F7-CAF2-42E3-9316-4B6C9486EF77}.Debug|Any CPU.Build.0 = Debug|Any CPU
		{32D0E7F7-CAF2-42E3-9316-4B6C9486EF77}.Release|Any CPU.ActiveCfg = Release|Any CPU
		{32D0E7F7-CAF2-42E3-9316-4B6C9486EF77}.Release|Any CPU.Build.0 = Release|Any CPU
		{3E7548BB-B59D-4B44-B4E1-BC5F318EEA97}.Debug|Any CPU.ActiveCfg = Debug|Any CPU
		{3E7548BB-B59D-4B44-B4E1-BC5F318EEA97}.Debug|Any CPU.Build.0 = Debug|Any CPU
		{3E7548BB-B59D-4B44-B4E1-BC5F318EEA97}.Release|Any CPU.ActiveCfg = Release|Any CPU
		{3E7548BB-B59D-4B44-B4E1-BC5F318EEA97}.Release|Any CPU.Build.0 = Release|Any CPU
		{3DC7517D-BE9A-48AB-9191-3D8147B24E53}.Debug|Any CPU.ActiveCfg = Debug|Any CPU
		{3DC7517D-BE9A-48AB-9191-3D8147B24E53}.Debug|Any CPU.Build.0 = Debug|Any CPU
		{3DC7517D-BE9A-48AB-9191-3D8147B24E53}.Release|Any CPU.ActiveCfg = Release|Any CPU
		{3DC7517D-BE9A-48AB-9191-3D8147B24E53}.Release|Any CPU.Build.0 = Release|Any CPU
		{A512FD56-DEAE-4136-8194-D287887270A6}.Debug|Any CPU.ActiveCfg = Debug|Any CPU
		{A512FD56-DEAE-4136-8194-D287887270A6}.Debug|Any CPU.Build.0 = Debug|Any CPU
		{A512FD56-DEAE-4136-8194-D287887270A6}.Release|Any CPU.ActiveCfg = Release|Any CPU
		{A512FD56-DEAE-4136-8194-D287887270A6}.Release|Any CPU.Build.0 = Release|Any CPU
		{16737C4F-79EC-4ADA-8747-864A348843E3}.Debug|Any CPU.ActiveCfg = Debug|Any CPU
		{16737C4F-79EC-4ADA-8747-864A348843E3}.Debug|Any CPU.Build.0 = Debug|Any CPU
		{16737C4F-79EC-4ADA-8747-864A348843E3}.Release|Any CPU.ActiveCfg = Release|Any CPU
		{16737C4F-79EC-4ADA-8747-864A348843E3}.Release|Any CPU.Build.0 = Release|Any CPU
		{D8C7AC87-55A2-4521-8BF4-1B93E17CC790}.Debug|Any CPU.ActiveCfg = Debug|Any CPU
		{D8C7AC87-55A2-4521-8BF4-1B93E17CC790}.Debug|Any CPU.Build.0 = Debug|Any CPU
		{D8C7AC87-55A2-4521-8BF4-1B93E17CC790}.Release|Any CPU.ActiveCfg = Release|Any CPU
		{D8C7AC87-55A2-4521-8BF4-1B93E17CC790}.Release|Any CPU.Build.0 = Release|Any CPU
		{13003E40-7530-4C23-89E9-14BEE09AC016}.Debug|Any CPU.ActiveCfg = Debug|Any CPU
		{13003E40-7530-4C23-89E9-14BEE09AC016}.Debug|Any CPU.Build.0 = Debug|Any CPU
		{13003E40-7530-4C23-89E9-14BEE09AC016}.Release|Any CPU.ActiveCfg = Release|Any CPU
		{13003E40-7530-4C23-89E9-14BEE09AC016}.Release|Any CPU.Build.0 = Release|Any CPU
		{4C6CE25C-5AD1-4699-B4A1-84ED247D77EA}.Debug|Any CPU.ActiveCfg = Debug|Any CPU
		{4C6CE25C-5AD1-4699-B4A1-84ED247D77EA}.Debug|Any CPU.Build.0 = Debug|Any CPU
		{4C6CE25C-5AD1-4699-B4A1-84ED247D77EA}.Release|Any CPU.ActiveCfg = Release|Any CPU
		{4C6CE25C-5AD1-4699-B4A1-84ED247D77EA}.Release|Any CPU.Build.0 = Release|Any CPU
		{5FD5D69C-C704-4FD9-B370-3165C808D77B}.Debug|Any CPU.ActiveCfg = Debug|Any CPU
		{5FD5D69C-C704-4FD9-B370-3165C808D77B}.Debug|Any CPU.Build.0 = Debug|Any CPU
		{5FD5D69C-C704-4FD9-B370-3165C808D77B}.Release|Any CPU.ActiveCfg = Release|Any CPU
		{5FD5D69C-C704-4FD9-B370-3165C808D77B}.Release|Any CPU.Build.0 = Release|Any CPU
		{1D58AC84-7845-489E-9899-585E91A4F1D7}.Debug|Any CPU.ActiveCfg = Debug|Any CPU
		{1D58AC84-7845-489E-9899-585E91A4F1D7}.Debug|Any CPU.Build.0 = Debug|Any CPU
		{1D58AC84-7845-489E-9899-585E91A4F1D7}.Release|Any CPU.ActiveCfg = Release|Any CPU
		{1D58AC84-7845-489E-9899-585E91A4F1D7}.Release|Any CPU.Build.0 = Release|Any CPU
		{4D9CA3CD-103B-4E88-914A-FC6BC873029B}.Debug|Any CPU.ActiveCfg = Debug|Any CPU
		{4D9CA3CD-103B-4E88-914A-FC6BC873029B}.Debug|Any CPU.Build.0 = Debug|Any CPU
		{4D9CA3CD-103B-4E88-914A-FC6BC873029B}.Release|Any CPU.ActiveCfg = Release|Any CPU
		{4D9CA3CD-103B-4E88-914A-FC6BC873029B}.Release|Any CPU.Build.0 = Release|Any CPU
		{FC1001E3-3191-4ECA-A34C-95C9B4A88E6C}.Debug|Any CPU.ActiveCfg = Debug|Any CPU
		{FC1001E3-3191-4ECA-A34C-95C9B4A88E6C}.Debug|Any CPU.Build.0 = Debug|Any CPU
		{FC1001E3-3191-4ECA-A34C-95C9B4A88E6C}.Release|Any CPU.ActiveCfg = Release|Any CPU
		{FC1001E3-3191-4ECA-A34C-95C9B4A88E6C}.Release|Any CPU.Build.0 = Release|Any CPU
		{C52A684A-2F99-4961-9BBA-68158A2CE3F9}.Debug|Any CPU.ActiveCfg = Debug|Any CPU
		{C52A684A-2F99-4961-9BBA-68158A2CE3F9}.Debug|Any CPU.Build.0 = Debug|Any CPU
		{C52A684A-2F99-4961-9BBA-68158A2CE3F9}.Release|Any CPU.ActiveCfg = Release|Any CPU
		{C52A684A-2F99-4961-9BBA-68158A2CE3F9}.Release|Any CPU.Build.0 = Release|Any CPU
		{BE14ED95-3EE0-40C9-9A7D-7E0952C67BB3}.Debug|Any CPU.ActiveCfg = Debug|Any CPU
		{BE14ED95-3EE0-40C9-9A7D-7E0952C67BB3}.Debug|Any CPU.Build.0 = Debug|Any CPU
		{BE14ED95-3EE0-40C9-9A7D-7E0952C67BB3}.Release|Any CPU.ActiveCfg = Release|Any CPU
		{BE14ED95-3EE0-40C9-9A7D-7E0952C67BB3}.Release|Any CPU.Build.0 = Release|Any CPU
		{7AD43FD0-4D00-4C82-B851-859A95B5FA69}.Debug|Any CPU.ActiveCfg = Debug|Any CPU
		{7AD43FD0-4D00-4C82-B851-859A95B5FA69}.Debug|Any CPU.Build.0 = Debug|Any CPU
		{7AD43FD0-4D00-4C82-B851-859A95B5FA69}.Release|Any CPU.ActiveCfg = Release|Any CPU
		{7AD43FD0-4D00-4C82-B851-859A95B5FA69}.Release|Any CPU.Build.0 = Release|Any CPU
		{88A46521-4350-450D-AC41-EC7DD1D33BE4}.Debug|Any CPU.ActiveCfg = Debug|Any CPU
		{88A46521-4350-450D-AC41-EC7DD1D33BE4}.Debug|Any CPU.Build.0 = Debug|Any CPU
		{88A46521-4350-450D-AC41-EC7DD1D33BE4}.Release|Any CPU.ActiveCfg = Release|Any CPU
		{88A46521-4350-450D-AC41-EC7DD1D33BE4}.Release|Any CPU.Build.0 = Release|Any CPU
		{C674A1A1-3306-4D96-B7E1-455C6C55E40A}.Debug|Any CPU.ActiveCfg = Debug|Any CPU
		{C674A1A1-3306-4D96-B7E1-455C6C55E40A}.Debug|Any CPU.Build.0 = Debug|Any CPU
		{C674A1A1-3306-4D96-B7E1-455C6C55E40A}.Release|Any CPU.ActiveCfg = Release|Any CPU
		{C674A1A1-3306-4D96-B7E1-455C6C55E40A}.Release|Any CPU.Build.0 = Release|Any CPU
	EndGlobalSection
	GlobalSection(SolutionProperties) = preSolution
		HideSolutionNode = FALSE
	EndGlobalSection
	GlobalSection(NestedProjects) = preSolution
		{00FF2E96-BFFB-49C2-9EB5-85F759AF2AC9} = {38AC45B9-C885-495E-B039-25EF8A69A4B3}
		{7F9EBEE5-E9AE-45C3-A3E1-33E151BB83A8} = {38AC45B9-C885-495E-B039-25EF8A69A4B3}
		{C17F7AFA-EBCA-43FE-A01A-B27A2402889F} = {38AC45B9-C885-495E-B039-25EF8A69A4B3}
		{84D444CE-FE33-409E-975D-3396C71C59E0} = {38AC45B9-C885-495E-B039-25EF8A69A4B3}
		{B8359E3A-B5A1-424F-AE3E-0E0FCF4E3F1D} = {38AC45B9-C885-495E-B039-25EF8A69A4B3}
		{536C3886-94EC-435B-8D02-B260E61B3524} = {B2C58EEF-DD90-4C99-9DFA-25A7F59F971D}
		{32D0E7F7-CAF2-42E3-9316-4B6C9486EF77} = {B2C58EEF-DD90-4C99-9DFA-25A7F59F971D}
		{3E7548BB-B59D-4B44-B4E1-BC5F318EEA97} = {B2C58EEF-DD90-4C99-9DFA-25A7F59F971D}
		{3DC7517D-BE9A-48AB-9191-3D8147B24E53} = {F6ABD618-5605-4C11-B0C3-988C6F78129C}
		{A512FD56-DEAE-4136-8194-D287887270A6} = {F6ABD618-5605-4C11-B0C3-988C6F78129C}
		{16737C4F-79EC-4ADA-8747-864A348843E3} = {7753D195-CCCD-48D6-A011-E73B64564A2D}
		{D8C7AC87-55A2-4521-8BF4-1B93E17CC790} = {7753D195-CCCD-48D6-A011-E73B64564A2D}
		{13003E40-7530-4C23-89E9-14BEE09AC016} = {7753D195-CCCD-48D6-A011-E73B64564A2D}
		{4C6CE25C-5AD1-4699-B4A1-84ED247D77EA} = {38AC45B9-C885-495E-B039-25EF8A69A4B3}
		{5FD5D69C-C704-4FD9-B370-3165C808D77B} = {D325D3B1-8BFE-4CE7-AF3F-20E2702BE558}
		{1D58AC84-7845-489E-9899-585E91A4F1D7} = {D325D3B1-8BFE-4CE7-AF3F-20E2702BE558}
		{4D9CA3CD-103B-4E88-914A-FC6BC873029B} = {D325D3B1-8BFE-4CE7-AF3F-20E2702BE558}
		{FC1001E3-3191-4ECA-A34C-95C9B4A88E6C} = {75B96906-32A9-4018-B97E-41FEA24D6989}
		{C52A684A-2F99-4961-9BBA-68158A2CE3F9} = {75B96906-32A9-4018-B97E-41FEA24D6989}
		{BE14ED95-3EE0-40C9-9A7D-7E0952C67BB3} = {75B96906-32A9-4018-B97E-41FEA24D6989}
		{7AD43FD0-4D00-4C82-B851-859A95B5FA69} = {31995792-F320-4BE4-AE1F-36A36FF48CF7}
		{88A46521-4350-450D-AC41-EC7DD1D33BE4} = {31995792-F320-4BE4-AE1F-36A36FF48CF7}
		{C674A1A1-3306-4D96-B7E1-455C6C55E40A} = {31995792-F320-4BE4-AE1F-36A36FF48CF7}
	EndGlobalSection
	GlobalSection(ExtensibilityGlobals) = postSolution
		SolutionGuid = {53C90ED2-6490-47F1-8861-C45C53155BE1}
	EndGlobalSection
EndGlobal
